
Microsoft Visual Studio Solution File, Format Version 12.00
# Visual Studio Version 17
VisualStudioVersion = 17.0.32002.185
MinimumVisualStudioVersion = 10.0.40219.1
Project("{FAE04EC0-301F-11D3-BF4B-00C04F79EFBC}") = "BankamatikUygulaması", "BankamatikUygulaması.csproj", "{A74231B2-7A36-48E4-BA46-F735B885DD76}"
EndProject
Global
	GlobalSection(SolutionConfigurationPlatforms) = preSolution
		Debug|Any CPU = Debug|Any CPU
		Release|Any CPU = Release|Any CPU
	EndGlobalSection
	GlobalSection(ProjectConfigurationPlatforms) = postSolution
		{A74231B2-7A36-48E4-BA46-F735B885DD76}.Debug|Any CPU.ActiveCfg = Debug|Any CPU
		{A74231B2-7A36-48E4-BA46-F735B885DD76}.Debug|Any CPU.Build.0 = Debug|Any CPU
		{A74231B2-7A36-48E4-BA46-F735B885DD76}.Release|Any CPU.ActiveCfg = Release|Any CPU
		{A74231B2-7A36-48E4-BA46-F735B885DD76}.Release|Any CPU.Build.0 = Release|Any CPU
	EndGlobalSection
	GlobalSection(SolutionProperties) = preSolution
		HideSolutionNode = FALSE
	EndGlobalSection
	GlobalSection(ExtensibilityGlobals) = postSolution
		SolutionGuid = {363875A5-0385-44EB-BD3B-9F8EF1E2233F}
	EndGlobalSection
EndGlobal
